
Microsoft Visual Studio Solution File, Format Version 12.00
# Visual Studio Version 17
VisualStudioVersion = 17.4.33213.308
MinimumVisualStudioVersion = 10.0.40219.1
Project("{FAE04EC0-301F-11D3-BF4B-00C04F79EFBC}") = "WebApiV1", "WebApiV1\WebApiV1.csproj", "{F599E0B4-C4F5-4649-9BC5-C3231B8F56DD}"
EndProject
Global
	GlobalSection(SolutionConfigurationPlatforms) = preSolution
		Debug|Any CPU = Debug|Any CPU
		Release|Any CPU = Release|Any CPU
	EndGlobalSection
	GlobalSection(ProjectConfigurationPlatforms) = postSolution
		{F599E0B4-C4F5-4649-9BC5-C3231B8F56DD}.Debug|Any CPU.ActiveCfg = Debug|Any CPU
		{F599E0B4-C4F5-4649-9BC5-C3231B8F56DD}.Debug|Any CPU.Build.0 = Debug|Any CPU
		{F599E0B4-C4F5-4649-9BC5-C3231B8F56DD}.Release|Any CPU.ActiveCfg = Release|Any CPU
		{F599E0B4-C4F5-4649-9BC5-C3231B8F56DD}.Release|Any CPU.Build.0 = Release|Any CPU
	EndGlobalSection
	GlobalSection(SolutionProperties) = preSolution
		HideSolutionNode = FALSE
	EndGlobalSection
	GlobalSection(ExtensibilityGlobals) = postSolution
		SolutionGuid = {8D7CD753-6891-421D-96E2-595343592C82}
	EndGlobalSection
EndGlobal
